
Microsoft Visual Studio Solution File, Format Version 12.00
Project("{FAE04EC0-301F-11D3-BF4B-00C04F79EFBC}") = "MediaRenamer", "MediaRenamer.csproj", "{BCAB7197-1EB9-40D2-9789-D0BA74985E2F}"
EndProject
Project("{2150E333-8FDC-42A3-9474-1A3956D46DE8}") = "Scripts", "Scripts", "{DEC9FCEF-E0B4-41EE-89E1-F47339E56EF6}"
EndProject
Global
	GlobalSection(SolutionConfigurationPlatforms) = preSolution
		Debug|Any CPU = Debug|Any CPU
		Release|Any CPU = Release|Any CPU
	EndGlobalSection
	GlobalSection(ProjectConfigurationPlatforms) = postSolution
		{BCAB7197-1EB9-40D2-9789-D0BA74985E2F}.Debug|Any CPU.ActiveCfg = Debug|Any CPU
		{BCAB7197-1EB9-40D2-9789-D0BA74985E2F}.Debug|Any CPU.Build.0 = Debug|Any CPU
		{BCAB7197-1EB9-40D2-9789-D0BA74985E2F}.Release|Any CPU.ActiveCfg = Release|Any CPU
		{BCAB7197-1EB9-40D2-9789-D0BA74985E2F}.Release|Any CPU.Build.0 = Release|Any CPU
	EndGlobalSection
EndGlobal
